
Microsoft Visual Studio Solution File, Format Version 12.00
# Visual Studio Version 17
VisualStudioVersion = 17.2.32616.157
MinimumVisualStudioVersion = 10.0.40219.1
Project("{FAE04EC0-301F-11D3-BF4B-00C04F79EFBC}") = "Ter", "Ter\Ter.csproj", "{348DAB23-DA7C-4B0C-AD29-C9ED806E2821}"
EndProject
Global
	GlobalSection(SolutionConfigurationPlatforms) = preSolution
		Debug|Any CPU = Debug|Any CPU
		Release|Any CPU = Release|Any CPU
	EndGlobalSection
	GlobalSection(ProjectConfigurationPlatforms) = postSolution
		{348DAB23-DA7C-4B0C-AD29-C9ED806E2821}.Debug|Any CPU.ActiveCfg = Debug|Any CPU
		{348DAB23-DA7C-4B0C-AD29-C9ED806E2821}.Debug|Any CPU.Build.0 = Debug|Any CPU
		{348DAB23-DA7C-4B0C-AD29-C9ED806E2821}.Release|Any CPU.ActiveCfg = Release|Any CPU
		{348DAB23-DA7C-4B0C-AD29-C9ED806E2821}.Release|Any CPU.Build.0 = Release|Any CPU
	EndGlobalSection
	GlobalSection(SolutionProperties) = preSolution
		HideSolutionNode = FALSE
	EndGlobalSection
	GlobalSection(ExtensibilityGlobals) = postSolution
		SolutionGuid = {A9DC0E0D-440D-4B67-B2A0-B98F6AD5F325}
	EndGlobalSection
EndGlobal
